// !$*UTF8*$!
{
	archiveVersion = 1;
	classes = {
	};
	objectVersion = 77;
	objects = {

/* Begin PBXBuildFile section */
		/* ── Existing Swift sources ── */
		1EAA91C92277C7BCC241DE06 /* OnboardingView.swift in Sources */ = {isa = PBXBuildFile; fileRef = 362FF0204142F0E5F5BF13D1 /* OnboardingView.swift */; };
		278F0A6F8BF6E91AD9731D40 /* RiskEvent.swift in Sources */ = {isa = PBXBuildFile; fileRef = 8B257433A8644BB583BBCED5 /* RiskEvent.swift */; };
		4D5F991CF9810B5B77849D50 /* RiskScoringEngine.swift in Sources */ = {isa = PBXBuildFile; fileRef = 16D9FD96E4B94928177DC242 /* RiskScoringEngine.swift */; };
		6B6546BA7CA97B37A247E33A /* DashboardView.swift in Sources */ = {isa = PBXBuildFile; fileRef = A44E313781DEB282C5579A40 /* DashboardView.swift */; };
		B7EFD42AEE5F55EAE39C9FEA /* UserProfile.swift in Sources */ = {isa = PBXBuildFile; fileRef = 3C97D72C0EA8F1417E424D21 /* UserProfile.swift */; };
		C21CB3D5C80996BEB0942DD4 /* ManasApp.swift in Sources */ = {isa = PBXBuildFile; fileRef = 9DD9F42A5FFEC739EC8ACFF7 /* ManasApp.swift */; };
		CBB19D052D465937E2EEBAD7 /* HealthKitManager.swift in Sources */ = {isa = PBXBuildFile; fileRef = 80F70312B4EAA6F304143DCF /* HealthKitManager.swift */; };
		D0843CAE4552E09919E5879C /* BiometricSnapshot.swift in Sources */ = {isa = PBXBuildFile; fileRef = DE7FD0AB87315CA4101C604F /* BiometricSnapshot.swift */; };
		E416E215D67CF42C1376FAC8 /* RootView.swift in Sources */ = {isa = PBXBuildFile; fileRef = 686A520A1C8897C96DBF62E6 /* RootView.swift */; };
		/* ── New Swift sources (design system) ── */
		BB01000000000000000000001 /* BrandColors.swift in Sources */ = {isa = PBXBuildFile; fileRef = AA01000000000000000000001 /* BrandColors.swift */; };
		BB02000000000000000000002 /* Typography.swift in Sources */ = {isa = PBXBuildFile; fileRef = AA02000000000000000000002 /* Typography.swift */; };
		/* ── New Swift sources (security) ── */
		BB03000000000000000000003 /* SecureStorage.swift in Sources */ = {isa = PBXBuildFile; fileRef = AA03000000000000000000003 /* SecureStorage.swift */; };
		/* ── New Swift sources (models) ── */
		BB04000000000000000000004 /* EmergencyContact.swift in Sources */ = {isa = PBXBuildFile; fileRef = AA04000000000000000000004 /* EmergencyContact.swift */; };
		/* ── New Swift sources (notifications) ── */
		BB05000000000000000000005 /* AlertManager.swift in Sources */ = {isa = PBXBuildFile; fileRef = AA05000000000000000000005 /* AlertManager.swift */; };
		/* ── New Swift sources (backend) ── */
		BB06000000000000000000006 /* BackendService.swift in Sources */ = {isa = PBXBuildFile; fileRef = AA06000000000000000000006 /* BackendService.swift */; };
		/* ── New Swift sources (AI) ── */
		BB07000000000000000000007 /* CompanionService.swift in Sources */ = {isa = PBXBuildFile; fileRef = AA07000000000000000000007 /* CompanionService.swift */; };
		/* ── New Swift sources (device activity) ── */
		BB08000000000000000000008 /* DeviceActivityMonitor.swift in Sources */ = {isa = PBXBuildFile; fileRef = AA08000000000000000000008 /* DeviceActivityMonitor.swift */; };
		/* ── New Swift sources (features) ── */
		BB09000000000000000000009 /* CompanionView.swift in Sources */ = {isa = PBXBuildFile; fileRef = AA09000000000000000000009 /* CompanionView.swift */; };
		BB10000000000000000000010 /* CrisisView.swift in Sources */ = {isa = PBXBuildFile; fileRef = AA10000000000000000000010 /* CrisisView.swift */; };
		BB11000000000000000000011 /* SettingsView.swift in Sources */ = {isa = PBXBuildFile; fileRef = AA11000000000000000000011 /* SettingsView.swift */; };
		/* ── New Swift sources (config) ── */
		BB12000000000000000000012 /* AppConfig.swift in Sources */ = {isa = PBXBuildFile; fileRef = AA12000000000000000000012 /* AppConfig.swift */; };
		/* ── New Swift sources (facial emotion) ── */
		BB13000000000000000000013 /* EmotionResult.swift in Sources */ = {isa = PBXBuildFile; fileRef = AA13000000000000000000013 /* EmotionResult.swift */; };
		BB14000000000000000000014 /* FACSRuleEngine.swift in Sources */ = {isa = PBXBuildFile; fileRef = AA14000000000000000000014 /* FACSRuleEngine.swift */; };
		BB15000000000000000000015 /* FacialEmotionAnalyzer.swift in Sources */ = {isa = PBXBuildFile; fileRef = AA15000000000000000000015 /* FacialEmotionAnalyzer.swift */; };
		/* ── Font resources ── */
		CC16000000000000000000016 /* Montserrat-Regular.ttf in Resources */ = {isa = PBXBuildFile; fileRef = AA16000000000000000000016 /* Montserrat-Regular.ttf */; };
		CC17000000000000000000017 /* Montserrat-Medium.ttf in Resources */ = {isa = PBXBuildFile; fileRef = AA17000000000000000000017 /* Montserrat-Medium.ttf */; };
		CC18000000000000000000018 /* Montserrat-SemiBold.ttf in Resources */ = {isa = PBXBuildFile; fileRef = AA18000000000000000000018 /* Montserrat-SemiBold.ttf */; };
		CC19000000000000000000019 /* Montserrat-Bold.ttf in Resources */ = {isa = PBXBuildFile; fileRef = AA19000000000000000000019 /* Montserrat-Bold.ttf */; };
		CC20000000000000000000020 /* Montserrat-ExtraBold.ttf in Resources */ = {isa = PBXBuildFile; fileRef = AA20000000000000000000020 /* Montserrat-ExtraBold.ttf */; };
		/* ── Logo assets ── */
		CC21000000000000000000021 /* manas_logo.png in Resources */ = {isa = PBXBuildFile; fileRef = AA21000000000000000000021 /* manas_logo.png */; };
		CC22000000000000000000022 /* manas_logo_sm.png in Resources */ = {isa = PBXBuildFile; fileRef = AA22000000000000000000022 /* manas_logo_sm.png */; };
/* End PBXBuildFile section */

/* Begin PBXFileReference section */
		/* ── Existing ── */
		105438494247D1F853B4A8B7 /* Info.plist */ = {isa = PBXFileReference; lastKnownFileType = text.plist; path = Info.plist; sourceTree = "<group>"; };
		16D9FD96E4B94928177DC242 /* RiskScoringEngine.swift */ = {isa = PBXFileReference; lastKnownFileType = sourcecode.swift; path = RiskScoringEngine.swift; sourceTree = "<group>"; };
		362FF0204142F0E5F5BF13D1 /* OnboardingView.swift */ = {isa = PBXFileReference; lastKnownFileType = sourcecode.swift; path = OnboardingView.swift; sourceTree = "<group>"; };
		3C97D72C0EA8F1417E424D21 /* UserProfile.swift */ = {isa = PBXFileReference; lastKnownFileType = sourcecode.swift; path = UserProfile.swift; sourceTree = "<group>"; };
		686A520A1C8897C96DBF62E6 /* RootView.swift */ = {isa = PBXFileReference; lastKnownFileType = sourcecode.swift; path = RootView.swift; sourceTree = "<group>"; };
		80F70312B4EAA6F304143DCF /* HealthKitManager.swift */ = {isa = PBXFileReference; lastKnownFileType = sourcecode.swift; path = HealthKitManager.swift; sourceTree = "<group>"; };
		8B257433A8644BB583BBCED5 /* RiskEvent.swift */ = {isa = PBXFileReference; lastKnownFileType = sourcecode.swift; path = RiskEvent.swift; sourceTree = "<group>"; };
		9DD9F42A5FFEC739EC8ACFF7 /* ManasApp.swift */ = {isa = PBXFileReference; lastKnownFileType = sourcecode.swift; path = ManasApp.swift; sourceTree = "<group>"; };
		A44E313781DEB282C5579A40 /* DashboardView.swift */ = {isa = PBXFileReference; lastKnownFileType = sourcecode.swift; path = DashboardView.swift; sourceTree = "<group>"; };
		D3CED9ADC89676DBAB445947 /* Manas.entitlements */ = {isa = PBXFileReference; lastKnownFileType = text.plist.entitlements; path = Manas.entitlements; sourceTree = "<group>"; };
		D68123675F7A3FD6C9712A07 /* Manas.app */ = {isa = PBXFileReference; includeInIndex = 0; lastKnownFileType = wrapper.application; path = Manas.app; sourceTree = BUILT_PRODUCTS_DIR; };
		DE7FD0AB87315CA4101C604F /* BiometricSnapshot.swift */ = {isa = PBXFileReference; lastKnownFileType = sourcecode.swift; path = BiometricSnapshot.swift; sourceTree = "<group>"; };
		/* ── New Swift sources ── */
		AA01000000000000000000001 /* BrandColors.swift */ = {isa = PBXFileReference; lastKnownFileType = sourcecode.swift; path = BrandColors.swift; sourceTree = "<group>"; };
		AA02000000000000000000002 /* Typography.swift */ = {isa = PBXFileReference; lastKnownFileType = sourcecode.swift; path = Typography.swift; sourceTree = "<group>"; };
		AA03000000000000000000003 /* SecureStorage.swift */ = {isa = PBXFileReference; lastKnownFileType = sourcecode.swift; path = SecureStorage.swift; sourceTree = "<group>"; };
		AA04000000000000000000004 /* EmergencyContact.swift */ = {isa = PBXFileReference; lastKnownFileType = sourcecode.swift; path = EmergencyContact.swift; sourceTree = "<group>"; };
		AA05000000000000000000005 /* AlertManager.swift */ = {isa = PBXFileReference; lastKnownFileType = sourcecode.swift; path = AlertManager.swift; sourceTree = "<group>"; };
		AA06000000000000000000006 /* BackendService.swift */ = {isa = PBXFileReference; lastKnownFileType = sourcecode.swift; path = BackendService.swift; sourceTree = "<group>"; };
		AA07000000000000000000007 /* CompanionService.swift */ = {isa = PBXFileReference; lastKnownFileType = sourcecode.swift; path = CompanionService.swift; sourceTree = "<group>"; };
		AA08000000000000000000008 /* DeviceActivityMonitor.swift */ = {isa = PBXFileReference; lastKnownFileType = sourcecode.swift; path = DeviceActivityMonitor.swift; sourceTree = "<group>"; };
		AA09000000000000000000009 /* CompanionView.swift */ = {isa = PBXFileReference; lastKnownFileType = sourcecode.swift; path = CompanionView.swift; sourceTree = "<group>"; };
		AA10000000000000000000010 /* CrisisView.swift */ = {isa = PBXFileReference; lastKnownFileType = sourcecode.swift; path = CrisisView.swift; sourceTree = "<group>"; };
		AA11000000000000000000011 /* SettingsView.swift */ = {isa = PBXFileReference; lastKnownFileType = sourcecode.swift; path = SettingsView.swift; sourceTree = "<group>"; };
		AA12000000000000000000012 /* AppConfig.swift */ = {isa = PBXFileReference; lastKnownFileType = sourcecode.swift; path = AppConfig.swift; sourceTree = "<group>"; };
		AA13000000000000000000013 /* EmotionResult.swift */ = {isa = PBXFileReference; lastKnownFileType = sourcecode.swift; path = EmotionResult.swift; sourceTree = "<group>"; };
		AA14000000000000000000014 /* FACSRuleEngine.swift */ = {isa = PBXFileReference; lastKnownFileType = sourcecode.swift; path = FACSRuleEngine.swift; sourceTree = "<group>"; };
		AA15000000000000000000015 /* FacialEmotionAnalyzer.swift */ = {isa = PBXFileReference; lastKnownFileType = sourcecode.swift; path = FacialEmotionAnalyzer.swift; sourceTree = "<group>"; };
		/* ── Fonts ── */
		AA16000000000000000000016 /* Montserrat-Regular.ttf */ = {isa = PBXFileReference; lastKnownFileType = file; path = "Montserrat-Regular.ttf"; sourceTree = "<group>"; };
		AA17000000000000000000017 /* Montserrat-Medium.ttf */ = {isa = PBXFileReference; lastKnownFileType = file; path = "Montserrat-Medium.ttf"; sourceTree = "<group>"; };
		AA18000000000000000000018 /* Montserrat-SemiBold.ttf */ = {isa = PBXFileReference; lastKnownFileType = file; path = "Montserrat-SemiBold.ttf"; sourceTree = "<group>"; };
		AA19000000000000000000019 /* Montserrat-Bold.ttf */ = {isa = PBXFileReference; lastKnownFileType = file; path = "Montserrat-Bold.ttf"; sourceTree = "<group>"; };
		AA20000000000000000000020 /* Montserrat-ExtraBold.ttf */ = {isa = PBXFileReference; lastKnownFileType = file; path = "Montserrat-ExtraBold.ttf"; sourceTree = "<group>"; };
		/* ── Assets ── */
		AA21000000000000000000021 /* manas_logo.png */ = {isa = PBXFileReference; lastKnownFileType = image.png; path = manas_logo.png; sourceTree = "<group>"; };
		AA22000000000000000000022 /* manas_logo_sm.png */ = {isa = PBXFileReference; lastKnownFileType = image.png; path = manas_logo_sm.png; sourceTree = "<group>"; };
/* End PBXFileReference section */

/* Begin PBXGroup section */
		/* ── Core subgroups ── */
		0C6DF54F25AA8F3C2382E226 /* HealthKit */ = {
			isa = PBXGroup;
			children = (
				80F70312B4EAA6F304143DCF /* HealthKitManager.swift */,
			);
			path = HealthKit;
			sourceTree = "<group>";
		};
		DD01000000000000000000001 /* DesignSystem */ = {
			isa = PBXGroup;
			children = (
				AA01000000000000000000001 /* BrandColors.swift */,
				AA02000000000000000000002 /* Typography.swift */,
			);
			path = DesignSystem;
			sourceTree = "<group>";
		};
		DD02000000000000000000002 /* Security */ = {
			isa = PBXGroup;
			children = (
				AA03000000000000000000003 /* SecureStorage.swift */,
			);
			path = Security;
			sourceTree = "<group>";
		};
		DD03000000000000000000003 /* Notifications */ = {
			isa = PBXGroup;
			children = (
				AA05000000000000000000005 /* AlertManager.swift */,
			);
			path = Notifications;
			sourceTree = "<group>";
		};
		DD04000000000000000000004 /* Backend */ = {
			isa = PBXGroup;
			children = (
				AA06000000000000000000006 /* BackendService.swift */,
			);
			path = Backend;
			sourceTree = "<group>";
		};
		DD05000000000000000000005 /* AI */ = {
			isa = PBXGroup;
			children = (
				AA07000000000000000000007 /* CompanionService.swift */,
			);
			path = AI;
			sourceTree = "<group>";
		};
		DD06000000000000000000006 /* DeviceActivity */ = {
			isa = PBXGroup;
			children = (
				AA08000000000000000000008 /* DeviceActivityMonitor.swift */,
			);
			path = DeviceActivity;
			sourceTree = "<group>";
		};
		DD07000000000000000000007 /* Config */ = {
			isa = PBXGroup;
			children = (
				AA12000000000000000000012 /* AppConfig.swift */,
			);
			path = Config;
			sourceTree = "<group>";
		};
		DD08000000000000000000008 /* FacialEmotion */ = {
			isa = PBXGroup;
			children = (
				AA13000000000000000000013 /* EmotionResult.swift */,
				AA14000000000000000000014 /* FACSRuleEngine.swift */,
				AA15000000000000000000015 /* FacialEmotionAnalyzer.swift */,
			);
			path = FacialEmotion;
			sourceTree = "<group>";
		};
		/* ── Feature subgroups ── */
		DD09000000000000000000009 /* Crisis */ = {
			isa = PBXGroup;
			children = (
				AA10000000000000000000010 /* CrisisView.swift */,
			);
			path = Crisis;
			sourceTree = "<group>";
		};
		DD10000000000000000000010 /* Companion */ = {
			isa = PBXGroup;
			children = (
				AA09000000000000000000009 /* CompanionView.swift */,
			);
			path = Companion;
			sourceTree = "<group>";
		};
		DD11000000000000000000011 /* Settings */ = {
			isa = PBXGroup;
			children = (
				AA11000000000000000000011 /* SettingsView.swift */,
			);
			path = Settings;
			sourceTree = "<group>";
		};
		/* ── Resource subgroups ── */
		DD12000000000000000000012 /* Fonts */ = {
			isa = PBXGroup;
			children = (
				AA16000000000000000000016 /* Montserrat-Regular.ttf */,
				AA17000000000000000000017 /* Montserrat-Medium.ttf */,
				AA18000000000000000000018 /* Montserrat-SemiBold.ttf */,
				AA19000000000000000000019 /* Montserrat-Bold.ttf */,
				AA20000000000000000000020 /* Montserrat-ExtraBold.ttf */,
			);
			path = Fonts;
			sourceTree = "<group>";
		};
		DD13000000000000000000013 /* Assets */ = {
			isa = PBXGroup;
			children = (
				AA21000000000000000000021 /* manas_logo.png */,
			);
			path = Assets;
			sourceTree = "<group>";
		};
		/* ── Top-level groups ── */
		0CCD8603F15D9982093C4B48 = {
			isa = PBXGroup;
			children = (
				E9BCC66435DFE4E42E38F4B0 /* Manas */,
				79A1056C42A3146EAE327271 /* Products */,
			);
			sourceTree = "<group>";
		};
		171313F7A587B4413E46748F /* Resources */ = {
			isa = PBXGroup;
			children = (
				105438494247D1F853B4A8B7 /* Info.plist */,
				D3CED9ADC89676DBAB445947 /* Manas.entitlements */,
				AA22000000000000000000022 /* manas_logo_sm.png */,
				DD12000000000000000000012 /* Fonts */,
				DD13000000000000000000013 /* Assets */,
			);
			path = Resources;
			sourceTree = "<group>";
		};
		2D320F8BA178437D92248C6B /* App */ = {
			isa = PBXGroup;
			children = (
				9DD9F42A5FFEC739EC8ACFF7 /* ManasApp.swift */,
				686A520A1C8897C96DBF62E6 /* RootView.swift */,
			);
			path = App;
			sourceTree = "<group>";
		};
		341D8CDD7D7BB2528FC909EB /* Infrastructure */ = {
			isa = PBXGroup;
			children = (
			);
			path = Infrastructure;
			sourceTree = "<group>";
		};
		73B4ABBFF7C7A98AAE49A9D2 /* Features */ = {
			isa = PBXGroup;
			children = (
				CA400EDFA380B4C1D9075324 /* Dashboard */,
				CA157CCFEFF6DDB2AA3F97C0 /* Onboarding */,
				DD09000000000000000000009 /* Crisis */,
				DD10000000000000000000010 /* Companion */,
				DD11000000000000000000011 /* Settings */,
			);
			path = Features;
			sourceTree = "<group>";
		};
		79A1056C42A3146EAE327271 /* Products */ = {
			isa = PBXGroup;
			children = (
				D68123675F7A3FD6C9712A07 /* Manas.app */,
			);
			name = Products;
			sourceTree = "<group>";
		};
		CA157CCFEFF6DDB2AA3F97C0 /* Onboarding */ = {
			isa = PBXGroup;
			children = (
				362FF0204142F0E5F5BF13D1 /* OnboardingView.swift */,
			);
			path = Onboarding;
			sourceTree = "<group>";
		};
		CA400EDFA380B4C1D9075324 /* Dashboard */ = {
			isa = PBXGroup;
			children = (
				A44E313781DEB282C5579A40 /* DashboardView.swift */,
			);
			path = Dashboard;
			sourceTree = "<group>";
		};
		E14F20813B860E0CAE2AFD21 /* Models */ = {
			isa = PBXGroup;
			children = (
				DE7FD0AB87315CA4101C604F /* BiometricSnapshot.swift */,
				8B257433A8644BB583BBCED5 /* RiskEvent.swift */,
				3C97D72C0EA8F1417E424D21 /* UserProfile.swift */,
				AA04000000000000000000004 /* EmergencyContact.swift */,
			);
			path = Models;
			sourceTree = "<group>";
		};
		E7ADE046142F3913A64FDE3B /* Core */ = {
			isa = PBXGroup;
			children = (
				DD01000000000000000000001 /* DesignSystem */,
				DD02000000000000000000002 /* Security */,
				DD03000000000000000000003 /* Notifications */,
				DD04000000000000000000004 /* Backend */,
				DD05000000000000000000005 /* AI */,
				DD06000000000000000000006 /* DeviceActivity */,
				DD07000000000000000000007 /* Config */,
				DD08000000000000000000008 /* FacialEmotion */,
				0C6DF54F25AA8F3C2382E226 /* HealthKit */,
				E14F20813B860E0CAE2AFD21 /* Models */,
				F4C86B9C59B0D484A76AE184 /* RiskScoring */,
			);
			path = Core;
			sourceTree = "<group>";
		};
		E9BCC66435DFE4E42E38F4B0 /* Manas */ = {
			isa = PBXGroup;
			children = (
				2D320F8BA178437D92248C6B /* App */,
				E7ADE046142F3913A64FDE3B /* Core */,
				73B4ABBFF7C7A98AAE49A9D2 /* Features */,
				341D8CDD7D7BB2528FC909EB /* Infrastructure */,
				171313F7A587B4413E46748F /* Resources */,
			);
			path = Manas;
			sourceTree = "<group>";
		};
		F4C86B9C59B0D484A76AE184 /* RiskScoring */ = {
			isa = PBXGroup;
			children = (
				16D9FD96E4B94928177DC242 /* RiskScoringEngine.swift */,
			);
			path = RiskScoring;
			sourceTree = "<group>";
		};
/* End PBXGroup section */

/* Begin PBXNativeTarget section */
		45C995F2B19D616B3A404E60 /* Manas */ = {
			isa = PBXNativeTarget;
			buildConfigurationList = C8AE4685C64EC9B056D35A0D /* Build configuration list for PBXNativeTarget "Manas" */;
			buildPhases = (
				A67EF169A6DCB56F98D88EBB /* Sources */,
				EE01000000000000000000001 /* Resources */,
			);
			buildRules = (
			);
			dependencies = (
			);
			name = Manas;
			packageProductDependencies = (
			);
			productName = Manas;
			productReference = D68123675F7A3FD6C9712A07 /* Manas.app */;
			productType = "com.apple.product-type.application";
		};
/* End PBXNativeTarget section */

/* Begin PBXProject section */
		82A062D8BFE3E10C84B16C4A /* Project object */ = {
			isa = PBXProject;
			attributes = {
				BuildIndependentTargetsInParallel = YES;
				LastUpgradeCheck = 1600;
				TargetAttributes = {
					45C995F2B19D616B3A404E60 = {
						DevelopmentTeam = "";
						ProvisioningStyle = Automatic;
					};
				};
			};
			buildConfigurationList = C6823DB32446ABEEB90B57E6 /* Build configuration list for PBXProject "Manas" */;
			developmentRegion = en;
			hasScannedForEncodings = 0;
			knownRegions = (
				Base,
				en,
			);
			mainGroup = 0CCD8603F15D9982093C4B48;
			minimizedProjectReferenceProxies = 1;
			preferredProjectObjectVersion = 77;
			productRefGroup = 79A1056C42A3146EAE327271 /* Products */;
			projectDirPath = "";
			projectRoot = "";
			targets = (
				45C995F2B19D616B3A404E60 /* Manas */,
			);
		};
/* End PBXProject section */

/* Begin PBXResourcesBuildPhase section */
		EE01000000000000000000001 /* Resources */ = {
			isa = PBXResourcesBuildPhase;
			buildActionMask = 2147483647;
			files = (
				CC16000000000000000000016 /* Montserrat-Regular.ttf in Resources */,
				CC17000000000000000000017 /* Montserrat-Medium.ttf in Resources */,
				CC18000000000000000000018 /* Montserrat-SemiBold.ttf in Resources */,
				CC19000000000000000000019 /* Montserrat-Bold.ttf in Resources */,
				CC20000000000000000000020 /* Montserrat-ExtraBold.ttf in Resources */,
				CC21000000000000000000021 /* manas_logo.png in Resources */,
				CC22000000000000000000022 /* manas_logo_sm.png in Resources */,
			);
			runOnlyForDeploymentPostprocessing = 0;
		};
/* End PBXResourcesBuildPhase section */

/* Begin PBXSourcesBuildPhase section */
		A67EF169A6DCB56F98D88EBB /* Sources */ = {
			isa = PBXSourcesBuildPhase;
			buildActionMask = 2147483647;
			files = (
				/* ── Existing ── */
				D0843CAE4552E09919E5879C /* BiometricSnapshot.swift in Sources */,
				6B6546BA7CA97B37A247E33A /* DashboardView.swift in Sources */,
				CBB19D052D465937E2EEBAD7 /* HealthKitManager.swift in Sources */,
				C21CB3D5C80996BEB0942DD4 /* ManasApp.swift in Sources */,
				1EAA91C92277C7BCC241DE06 /* OnboardingView.swift in Sources */,
				278F0A6F8BF6E91AD9731D40 /* RiskEvent.swift in Sources */,
				4D5F991CF9810B5B77849D50 /* RiskScoringEngine.swift in Sources */,
				E416E215D67CF42C1376FAC8 /* RootView.swift in Sources */,
				B7EFD42AEE5F55EAE39C9FEA /* UserProfile.swift in Sources */,
				/* ── Design system ── */
				BB01000000000000000000001 /* BrandColors.swift in Sources */,
				BB02000000000000000000002 /* Typography.swift in Sources */,
				/* ── Security ── */
				BB03000000000000000000003 /* SecureStorage.swift in Sources */,
				/* ── Models ── */
				BB04000000000000000000004 /* EmergencyContact.swift in Sources */,
				/* ── Notifications ── */
				BB05000000000000000000005 /* AlertManager.swift in Sources */,
				/* ── Backend ── */
				BB06000000000000000000006 /* BackendService.swift in Sources */,
				/* ── AI ── */
				BB07000000000000000000007 /* CompanionService.swift in Sources */,
				/* ── DeviceActivity ── */
				BB08000000000000000000008 /* DeviceActivityMonitor.swift in Sources */,
				/* ── Features ── */
				BB09000000000000000000009 /* CompanionView.swift in Sources */,
				BB10000000000000000000010 /* CrisisView.swift in Sources */,
				BB11000000000000000000011 /* SettingsView.swift in Sources */,
				/* ── Config ── */
				BB12000000000000000000012 /* AppConfig.swift in Sources */,
				/* ── Facial emotion ── */
				BB13000000000000000000013 /* EmotionResult.swift in Sources */,
				BB14000000000000000000014 /* FACSRuleEngine.swift in Sources */,
				BB15000000000000000000015 /* FacialEmotionAnalyzer.swift in Sources */,
			);
			runOnlyForDeploymentPostprocessing = 0;
		};
/* End PBXSourcesBuildPhase section */

/* Begin XCBuildConfiguration section */
		6373367748FEC72459EC2D15 /* Release */ = {
			isa = XCBuildConfiguration;
			buildSettings = {
				ALWAYS_SEARCH_USER_PATHS = NO;
				CLANG_ANALYZER_NONNULL = YES;
				CLANG_ANALYZER_NUMBER_OBJECT_CONVERSION = YES_AGGRESSIVE;
				CLANG_CXX_LANGUAGE_STANDARD = "gnu++14";
				CLANG_CXX_LIBRARY = "libc++";
				CLANG_ENABLE_MODULES = YES;
				CLANG_ENABLE_OBJC_ARC = YES;
				CLANG_ENABLE_OBJC_WEAK = YES;
				CLANG_WARN_BLOCK_CAPTURE_AUTORELEASING = YES;
				CLANG_WARN_BOOL_CONVERSION = YES;
				CLANG_WARN_COMMA = YES;
				CLANG_WARN_CONSTANT_CONVERSION = YES;
				CLANG_WARN_DEPRECATED_OBJC_IMPLEMENTATIONS = YES;
				CLANG_WARN_DIRECT_OBJC_ISA_USAGE = YES_ERROR;
				CLANG_WARN_DOCUMENTATION_COMMENTS = YES;
				CLANG_WARN_EMPTY_BODY = YES;
				CLANG_WARN_ENUM_CONVERSION = YES;
				CLANG_WARN_INFINITE_RECURSION = YES;
				CLANG_WARN_INT_CONVERSION = YES;
				CLANG_WARN_NON_LITERAL_NULL_CONVERSION = YES;
				CLANG_WARN_OBJC_IMPLICIT_RETAIN_SELF = YES;
				CLANG_WARN_OBJC_LITERAL_CONVERSION = YES;
				CLANG_WARN_OBJC_ROOT_CLASS = YES_ERROR;
				CLANG_WARN_QUOTED_INCLUDE_IN_FRAMEWORK_HEADER = YES;
				CLANG_WARN_RANGE_LOOP_ANALYSIS = YES;
				CLANG_WARN_STRICT_PROTOTYPES = YES;
				CLANG_WARN_SUSPICIOUS_MOVE = YES;
				CLANG_WARN_UNGUARDED_AVAILABILITY = YES_AGGRESSIVE;
				CLANG_WARN_UNREACHABLE_CODE = YES;
				CLANG_WARN__DUPLICATE_METHOD_MATCH = YES;
				COPY_PHASE_STRIP = NO;
				CURRENT_PROJECT_VERSION = 1;
				DEBUG_INFORMATION_FORMAT = "dwarf-with-dsym";
				DEVELOPMENT_TEAM = "";
				ENABLE_NS_ASSERTIONS = NO;
				ENABLE_STRICT_OBJC_MSGSEND = YES;
				GCC_C_LANGUAGE_STANDARD = gnu11;
				GCC_NO_COMMON_BLOCKS = YES;
				GCC_WARN_64_TO_32_BIT_CONVERSION = YES;
				GCC_WARN_ABOUT_RETURN_TYPE = YES_ERROR;
				GCC_WARN_UNDECLARED_SELECTOR = YES;
				GCC_WARN_UNINITIALIZED_AUTOS = YES_AGGRESSIVE;
				GCC_WARN_UNUSED_FUNCTION = YES;
				GCC_WARN_UNUSED_VARIABLE = YES;
				IPHONEOS_DEPLOYMENT_TARGET = 17.0;
				MARKETING_VERSION = 0.1.0;
				MTL_ENABLE_DEBUG_INFO = NO;
				MTL_FAST_MATH = YES;
				PRODUCT_NAME = "$(TARGET_NAME)";
				SDKROOT = iphoneos;
				SWIFT_COMPILATION_MODE = wholemodule;
				SWIFT_OPTIMIZATION_LEVEL = "-O";
				SWIFT_VERSION = 6.0;
				TARGETED_DEVICE_FAMILY = 1;
			};
			name = Release;
		};
		83EB8654DD0B4CD5FCBA1562 /* Debug */ = {
			isa = XCBuildConfiguration;
			buildSettings = {
				ASSETCATALOG_COMPILER_APPICON_NAME = AppIcon;
				CODE_SIGN_ENTITLEMENTS = Manas/Resources/Manas.entitlements;
				CODE_SIGN_IDENTITY = "iPhone Developer";
				CODE_SIGN_STYLE = Automatic;
				INFOPLIST_FILE = Manas/Resources/Info.plist;
				LD_RUNPATH_SEARCH_PATHS = (
					"$(inherited)",
					"@executable_path/Frameworks",
				);
				PRODUCT_BUNDLE_IDENTIFIER = com.manas.app;
				SDKROOT = iphoneos;
				TARGETED_DEVICE_FAMILY = "1,2";
			};
			name = Debug;
		};
		AD1DACD8F94E37F4036112CF /* Release */ = {
			isa = XCBuildConfiguration;
			buildSettings = {
				ASSETCATALOG_COMPILER_APPICON_NAME = AppIcon;
				CODE_SIGN_ENTITLEMENTS = Manas/Resources/Manas.entitlements;
				CODE_SIGN_IDENTITY = "iPhone Developer";
				CODE_SIGN_STYLE = Automatic;
				INFOPLIST_FILE = Manas/Resources/Info.plist;
				LD_RUNPATH_SEARCH_PATHS = (
					"$(inherited)",
					"@executable_path/Frameworks",
				);
				PRODUCT_BUNDLE_IDENTIFIER = com.manas.app;
				SDKROOT = iphoneos;
				TARGETED_DEVICE_FAMILY = "1,2";
			};
			name = Release;
		};
		B713F78AAA1FA593DF50E256 /* Debug */ = {
			isa = XCBuildConfiguration;
			buildSettings = {
				ALWAYS_SEARCH_USER_PATHS = NO;
				CLANG_ANALYZER_NONNULL = YES;
				CLANG_ANALYZER_NUMBER_OBJECT_CONVERSION = YES_AGGRESSIVE;
				CLANG_CXX_LANGUAGE_STANDARD = "gnu++14";
				CLANG_CXX_LIBRARY = "libc++";
				CLANG_ENABLE_MODULES = YES;
				CLANG_ENABLE_OBJC_ARC = YES;
				CLANG_ENABLE_OBJC_WEAK = YES;
				CLANG_WARN_BLOCK_CAPTURE_AUTORELEASING = YES;
				CLANG_WARN_BOOL_CONVERSION = YES;
				CLANG_WARN_COMMA = YES;
				CLANG_WARN_CONSTANT_CONVERSION = YES;
				CLANG_WARN_DEPRECATED_OBJC_IMPLEMENTATIONS = YES;
				CLANG_WARN_DIRECT_OBJC_ISA_USAGE = YES_ERROR;
				CLANG_WARN_DOCUMENTATION_COMMENTS = YES;
				CLANG_WARN_EMPTY_BODY = YES;
				CLANG_WARN_ENUM_CONVERSION = YES;
				CLANG_WARN_INFINITE_RECURSION = YES;
				CLANG_WARN_INT_CONVERSION = YES;
				CLANG_WARN_NON_LITERAL_NULL_CONVERSION = YES;
				CLANG_WARN_OBJC_IMPLICIT_RETAIN_SELF = YES;
				CLANG_WARN_OBJC_LITERAL_CONVERSION = YES;
				CLANG_WARN_OBJC_ROOT_CLASS = YES_ERROR;
				CLANG_WARN_QUOTED_INCLUDE_IN_FRAMEWORK_HEADER = YES;
				CLANG_WARN_RANGE_LOOP_ANALYSIS = YES;
				CLANG_WARN_STRICT_PROTOTYPES = YES;
				CLANG_WARN_SUSPICIOUS_MOVE = YES;
				CLANG_WARN_UNGUARDED_AVAILABILITY = YES_AGGRESSIVE;
				CLANG_WARN_UNREACHABLE_CODE = YES;
				CLANG_WARN__DUPLICATE_METHOD_MATCH = YES;
				COPY_PHASE_STRIP = NO;
				CURRENT_PROJECT_VERSION = 1;
				DEBUG_INFORMATION_FORMAT = dwarf;
				DEVELOPMENT_TEAM = "";
				ENABLE_STRICT_OBJC_MSGSEND = YES;
				ENABLE_TESTABILITY = YES;
				GCC_C_LANGUAGE_STANDARD = gnu11;
				GCC_DYNAMIC_NO_PIC = NO;
				GCC_NO_COMMON_BLOCKS = YES;
				GCC_OPTIMIZATION_LEVEL = 0;
				GCC_PREPROCESSOR_DEFINITIONS = (
					"$(inherited)",
					"DEBUG=1",
				);
				GCC_WARN_64_TO_32_BIT_CONVERSION = YES;
				GCC_WARN_ABOUT_RETURN_TYPE = YES_ERROR;
				GCC_WARN_UNDECLARED_SELECTOR = YES;
				GCC_WARN_UNINITIALIZED_AUTOS = YES_AGGRESSIVE;
				GCC_WARN_UNUSED_FUNCTION = YES;
				GCC_WARN_UNUSED_VARIABLE = YES;
				IPHONEOS_DEPLOYMENT_TARGET = 17.0;
				MARKETING_VERSION = 0.1.0;
				MTL_ENABLE_DEBUG_INFO = INCLUDE_SOURCE;
				MTL_FAST_MATH = YES;
				ONLY_ACTIVE_ARCH = YES;
				PRODUCT_NAME = "$(TARGET_NAME)";
				SDKROOT = iphoneos;
				SWIFT_ACTIVE_COMPILATION_CONDITIONS = DEBUG;
				SWIFT_OPTIMIZATION_LEVEL = "-Onone";
				SWIFT_VERSION = 6.0;
				TARGETED_DEVICE_FAMILY = 1;
			};
			name = Debug;
		};
/* End XCBuildConfiguration section */

/* Begin XCConfigurationList section */
		C6823DB32446ABEEB90B57E6 /* Build configuration list for PBXProject "Manas" */ = {
			isa = XCConfigurationList;
			buildConfigurations = (
				B713F78AAA1FA593DF50E256 /* Debug */,
				6373367748FEC72459EC2D15 /* Release */,
			);
			defaultConfigurationIsVisible = 0;
			defaultConfigurationName = Debug;
		};
		C8AE4685C64EC9B056D35A0D /* Build configuration list for PBXNativeTarget "Manas" */ = {
			isa = XCConfigurationList;
			buildConfigurations = (
				83EB8654DD0B4CD5FCBA1562 /* Debug */,
				AD1DACD8F94E37F4036112CF /* Release */,
			);
			defaultConfigurationIsVisible = 0;
			defaultConfigurationName = Debug;
		};
/* End XCConfigurationList section */
	};
	rootObject = 82A062D8BFE3E10C84B16C4A /* Project object */;
}
